
Microsoft Visual Studio Solution File, Format Version 12.00
# Visual Studio Version 17
VisualStudioVersion = 17.11.35327.3
MinimumVisualStudioVersion = 10.0.40219.1
Project("{9A19103F-16F7-4668-BE54-9A1E7A4F7556}") = "Lab02", "Lab02\Lab02.csproj", "{2FA74CFE-F6D9-436E-8828-9E74CFB37008}"
EndProject
Project("{9A19103F-16F7-4668-BE54-9A1E7A4F7556}") = "Lab01", "Lab01\Lab01.csproj", "{E3C22568-B072-4219-9F9F-C0DABE49EE2A}"
EndProject
Project("{9A19103F-16F7-4668-BE54-9A1E7A4F7556}") = "Lab03", "Lab03\Lab03.csproj", "{985D4584-2334-48DF-8B46-D51F5318F364}"
EndProject
Project("{9A19103F-16F7-4668-BE54-9A1E7A4F7556}") = "Test", "Test\Test.csproj", "{47214002-D613-42EC-BF34-BAAEDF9E1550}"
EndProject
Project("{9A19103F-16F7-4668-BE54-9A1E7A4F7556}") = "Lab04", "Lab04\Lab04.csproj", "{249642F1-E98C-427E-B338-4298C2420FAF}"
EndProject
Project("{9A19103F-16F7-4668-BE54-9A1E7A4F7556}") = "Lab04.2", "Lab04.2\Lab04.2.csproj", "{957F1D81-1F37-4A61-AE0B-E767451D14D3}"
EndProject
Project("{9A19103F-16F7-4668-BE54-9A1E7A4F7556}") = "Lab05", "Lab05\Lab05.csproj", "{A10F5273-E3AE-4FC6-BDC2-1D3BDFD62DC8}"
EndProject
Project("{9A19103F-16F7-4668-BE54-9A1E7A4F7556}") = "Lab06", "Lab06\Lab06.csproj", "{EBF728A8-0291-4755-8E37-DE864452DF8E}"
EndProject
Project("{9A19103F-16F7-4668-BE54-9A1E7A4F7556}") = "Lab07", "Lab07\Lab07.csproj", "{A581ECC4-5E85-414F-8893-A6619FE786E8}"
EndProject
Project("{9A19103F-16F7-4668-BE54-9A1E7A4F7556}") = "A", "A\A.csproj", "{FC2A5FC8-D8B5-41C9-BB6F-DDEAC2E98A16}"
EndProject
Project("{9A19103F-16F7-4668-BE54-9A1E7A4F7556}") = "Lab09", "Lab09\Lab09.csproj", "{CEDDE69B-C56C-41EB-B7D3-AC4F8E302A52}"
EndProject
Project("{9A19103F-16F7-4668-BE54-9A1E7A4F7556}") = "Lab11", "Lab11\Lab11.csproj", "{FDD2F1D3-49DA-464F-826B-454F08B3AE0A}"
EndProject
Project("{FAE04EC0-301F-11D3-BF4B-00C04F79EFBC}") = "CreditLab", "CreditLab\CreditLab.csproj", "{B18CD85B-21C5-427F-B4B4-1B6AA276225E}"
EndProject
Global
	GlobalSection(SolutionConfigurationPlatforms) = preSolution
		Debug|Any CPU = Debug|Any CPU
		Release|Any CPU = Release|Any CPU
	EndGlobalSection
	GlobalSection(ProjectConfigurationPlatforms) = postSolution
		{2FA74CFE-F6D9-436E-8828-9E74CFB37008}.Debug|Any CPU.ActiveCfg = Debug|Any CPU
		{2FA74CFE-F6D9-436E-8828-9E74CFB37008}.Debug|Any CPU.Build.0 = Debug|Any CPU
		{2FA74CFE-F6D9-436E-8828-9E74CFB37008}.Release|Any CPU.ActiveCfg = Release|Any CPU
		{2FA74CFE-F6D9-436E-8828-9E74CFB37008}.Release|Any CPU.Build.0 = Release|Any CPU
		{E3C22568-B072-4219-9F9F-C0DABE49EE2A}.Debug|Any CPU.ActiveCfg = Debug|Any CPU
		{E3C22568-B072-4219-9F9F-C0DABE49EE2A}.Debug|Any CPU.Build.0 = Debug|Any CPU
		{E3C22568-B072-4219-9F9F-C0DABE49EE2A}.Release|Any CPU.ActiveCfg = Release|Any CPU
		{E3C22568-B072-4219-9F9F-C0DABE49EE2A}.Release|Any CPU.Build.0 = Release|Any CPU
		{985D4584-2334-48DF-8B46-D51F5318F364}.Debug|Any CPU.ActiveCfg = Debug|Any CPU
		{985D4584-2334-48DF-8B46-D51F5318F364}.Debug|Any CPU.Build.0 = Debug|Any CPU
		{985D4584-2334-48DF-8B46-D51F5318F364}.Release|Any CPU.ActiveCfg = Release|Any CPU
		{985D4584-2334-48DF-8B46-D51F5318F364}.Release|Any CPU.Build.0 = Release|Any CPU
		{47214002-D613-42EC-BF34-BAAEDF9E1550}.Debug|Any CPU.ActiveCfg = Debug|Any CPU
		{47214002-D613-42EC-BF34-BAAEDF9E1550}.Debug|Any CPU.Build.0 = Debug|Any CPU
		{47214002-D613-42EC-BF34-BAAEDF9E1550}.Release|Any CPU.ActiveCfg = Release|Any CPU
		{47214002-D613-42EC-BF34-BAAEDF9E1550}.Release|Any CPU.Build.0 = Release|Any CPU
		{249642F1-E98C-427E-B338-4298C2420FAF}.Debug|Any CPU.ActiveCfg = Debug|Any CPU
		{249642F1-E98C-427E-B338-4298C2420FAF}.Debug|Any CPU.Build.0 = Debug|Any CPU
		{249642F1-E98C-427E-B338-4298C2420FAF}.Release|Any CPU.ActiveCfg = Release|Any CPU
		{249642F1-E98C-427E-B338-4298C2420FAF}.Release|Any CPU.Build.0 = Release|Any CPU
		{957F1D81-1F37-4A61-AE0B-E767451D14D3}.Debug|Any CPU.ActiveCfg = Debug|Any CPU
		{957F1D81-1F37-4A61-AE0B-E767451D14D3}.Debug|Any CPU.Build.0 = Debug|Any CPU
		{957F1D81-1F37-4A61-AE0B-E767451D14D3}.Release|Any CPU.ActiveCfg = Release|Any CPU
		{957F1D81-1F37-4A61-AE0B-E767451D14D3}.Release|Any CPU.Build.0 = Release|Any CPU
		{A10F5273-E3AE-4FC6-BDC2-1D3BDFD62DC8}.Debug|Any CPU.ActiveCfg = Debug|Any CPU
		{A10F5273-E3AE-4FC6-BDC2-1D3BDFD62DC8}.Debug|Any CPU.Build.0 = Debug|Any CPU
		{A10F5273-E3AE-4FC6-BDC2-1D3BDFD62DC8}.Release|Any CPU.ActiveCfg = Release|Any CPU
		{A10F5273-E3AE-4FC6-BDC2-1D3BDFD62DC8}.Release|Any CPU.Build.0 = Release|Any CPU
		{EBF728A8-0291-4755-8E37-DE864452DF8E}.Debug|Any CPU.ActiveCfg = Debug|Any CPU
		{EBF728A8-0291-4755-8E37-DE864452DF8E}.Debug|Any CPU.Build.0 = Debug|Any CPU
		{EBF728A8-0291-4755-8E37-DE864452DF8E}.Release|Any CPU.ActiveCfg = Release|Any CPU
		{EBF728A8-0291-4755-8E37-DE864452DF8E}.Release|Any CPU.Build.0 = Release|Any CPU
		{A581ECC4-5E85-414F-8893-A6619FE786E8}.Debug|Any CPU.ActiveCfg = Debug|Any CPU
		{A581ECC4-5E85-414F-8893-A6619FE786E8}.Debug|Any CPU.Build.0 = Debug|Any CPU
		{A581ECC4-5E85-414F-8893-A6619FE786E8}.Release|Any CPU.ActiveCfg = Release|Any CPU
		{A581ECC4-5E85-414F-8893-A6619FE786E8}.Release|Any CPU.Build.0 = Release|Any CPU
		{FC2A5FC8-D8B5-41C9-BB6F-DDEAC2E98A16}.Debug|Any CPU.ActiveCfg = Debug|Any CPU
		{FC2A5FC8-D8B5-41C9-BB6F-DDEAC2E98A16}.Debug|Any CPU.Build.0 = Debug|Any CPU
		{FC2A5FC8-D8B5-41C9-BB6F-DDEAC2E98A16}.Release|Any CPU.ActiveCfg = Release|Any CPU
		{FC2A5FC8-D8B5-41C9-BB6F-DDEAC2E98A16}.Release|Any CPU.Build.0 = Release|Any CPU
		{CEDDE69B-C56C-41EB-B7D3-AC4F8E302A52}.Debug|Any CPU.ActiveCfg = Debug|Any CPU
		{CEDDE69B-C56C-41EB-B7D3-AC4F8E302A52}.Debug|Any CPU.Build.0 = Debug|Any CPU
		{CEDDE69B-C56C-41EB-B7D3-AC4F8E302A52}.Release|Any CPU.ActiveCfg = Release|Any CPU
		{CEDDE69B-C56C-41EB-B7D3-AC4F8E302A52}.Release|Any CPU.Build.0 = Release|Any CPU
		{FDD2F1D3-49DA-464F-826B-454F08B3AE0A}.Debug|Any CPU.ActiveCfg = Debug|Any CPU
		{FDD2F1D3-49DA-464F-826B-454F08B3AE0A}.Debug|Any CPU.Build.0 = Debug|Any CPU
		{FDD2F1D3-49DA-464F-826B-454F08B3AE0A}.Release|Any CPU.ActiveCfg = Release|Any CPU
		{FDD2F1D3-49DA-464F-826B-454F08B3AE0A}.Release|Any CPU.Build.0 = Release|Any CPU
		{B18CD85B-21C5-427F-B4B4-1B6AA276225E}.Debug|Any CPU.ActiveCfg = Debug|Any CPU
		{B18CD85B-21C5-427F-B4B4-1B6AA276225E}.Debug|Any CPU.Build.0 = Debug|Any CPU
		{B18CD85B-21C5-427F-B4B4-1B6AA276225E}.Release|Any CPU.ActiveCfg = Release|Any CPU
		{B18CD85B-21C5-427F-B4B4-1B6AA276225E}.Release|Any CPU.Build.0 = Release|Any CPU
	EndGlobalSection
	GlobalSection(SolutionProperties) = preSolution
		HideSolutionNode = FALSE
	EndGlobalSection
	GlobalSection(ExtensibilityGlobals) = postSolution
		SolutionGuid = {CB24C40E-6E5F-4744-BCC7-9DA348632838}
	EndGlobalSection
EndGlobal
